// !$*UTF8*$!
{
	archiveVersion = 1;
	classes = {
	};
	objectVersion = 50;
	objects = {

/* Begin PBXBuildFile section */
		AE79B2712334C9FE006EAB90 /* AppDelegate.swift in Sources */ = {isa = PBXBuildFile; fileRef = AE79B2702334C9FE006EAB90 /* AppDelegate.swift */; };
		AE79B2732334C9FE006EAB90 /* ViewController.swift in Sources */ = {isa = PBXBuildFile; fileRef = AE79B2722334C9FE006EAB90 /* ViewController.swift */; };
		AE79B2762334C9FE006EAB90 /* Main.storyboard in Resources */ = {isa = PBXBuildFile; fileRef = AE79B2742334C9FE006EAB90 /* Main.storyboard */; };
		AE79B2782334C9FF006EAB90 /* Assets.xcassets in Resources */ = {isa = PBXBuildFile; fileRef = AE79B2772334C9FF006EAB90 /* Assets.xcassets */; };
		AE79B27B2334C9FF006EAB90 /* LaunchScreen.storyboard in Resources */ = {isa = PBXBuildFile; fileRef = AE79B2792334C9FF006EAB90 /* LaunchScreen.storyboard */; };
		AE79B2862334C9FF006EAB90 /* testgitTests.swift in Sources */ = {isa = PBXBuildFile; fileRef = AE79B2852334C9FF006EAB90 /* testgitTests.swift */; };
		AE79B2912334C9FF006EAB90 /* testgitUITests.swift in Sources */ = {isa = PBXBuildFile; fileRef = AE79B2902334C9FF006EAB90 /* testgitUITests.swift */; };
/* End PBXBuildFile section */

/* Begin PBXContainerItemProxy section */
		AE79B2822334C9FF006EAB90 /* PBXContainerItemProxy */ = {
			isa = PBXContainerItemProxy;
			containerPortal = AE79B2652334C9FE006EAB90 /* Project object */;
			proxyType = 1;
			remoteGlobalIDString = AE79B26C2334C9FE006EAB90;
			remoteInfo = testgit;
		};
		AE79B28D2334C9FF006EAB90 /* PBXContainerItemProxy */ = {
			isa = PBXContainerItemProxy;
			containerPortal = AE79B2652334C9FE006EAB90 /* Project object */;
			proxyType = 1;
			remoteGlobalIDString = AE79B26C2334C9FE006EAB90;
			remoteInfo = testgit;
		};
/* End PBXContainerItemProxy section */

/* Begin PBXFileReference section */
		AE79B26D2334C9FE006EAB90 /* testgit.app */ = {isa = PBXFileReference; explicitFileType = wrapper.application; includeInIndex = 0; path = testgit.app; sourceTree = BUILT_PRODUCTS_DIR; };
		AE79B2702334C9FE006EAB90 /* AppDelegate.swift */ = {isa = PBXFileReference; lastKnownFileType = sourcecode.swift; path = AppDelegate.swift; sourceTree = "<group>"; };
		AE79B2722334C9FE006EAB90 /* ViewController.swift */ = {isa = PBXFileReference; lastKnownFileType = sourcecode.swift; path = ViewController.swift; sourceTree = "<group>"; };
		AE79B2752334C9FE006EAB90 /* Base */ = {isa = PBXFileReference; lastKnownFileType = file.storyboard; name = Base; path = Base.lproj/Main.storyboard; sourceTree = "<group>"; };
		AE79B2772334C9FF006EAB90 /* Assets.xcassets */ = {isa = PBXFileReference; lastKnownFileType = folder.assetcatalog; path = Assets.xcassets; sourceTree = "<group>"; };
		AE79B27A2334C9FF006EAB90 /* Base */ = {isa = PBXFileReference; lastKnownFileType = file.storyboard; name = Base; path = Base.lproj/LaunchScreen.storyboard; sourceTree = "<group>"; };
		AE79B27C2334C9FF006EAB90 /* Info.plist */ = {isa = PBXFileReference; lastKnownFileType = text.plist.xml; path = Info.plist; sourceTree = "<group>"; };
		AE79B2812334C9FF006EAB90 /* testgitTests.xctest */ = {isa = PBXFileReference; explicitFileType = wrapper.cfbundle; includeInIndex = 0; path = testgitTests.xctest; sourceTree = BUILT_PRODUCTS_DIR; };
		AE79B2852334C9FF006EAB90 /* testgitTests.swift */ = {isa = PBXFileReference; lastKnownFileType = sourcecode.swift; path = testgitTests.swift; sourceTree = "<group>"; };
		AE79B2872334C9FF006EAB90 /* Info.plist */ = {isa = PBXFileReference; lastKnownFileType = text.plist.xml; path = Info.plist; sourceTree = "<group>"; };
		AE79B28C2334C9FF006EAB90 /* testgitUITests.xctest */ = {isa = PBXFileReference; explicitFileType = wrapper.cfbundle; includeInIndex = 0; path = testgitUITests.xctest; sourceTree = BUILT_PRODUCTS_DIR; };
		AE79B2902334C9FF006EAB90 /* testgitUITests.swift */ = {isa = PBXFileReference; lastKnownFileType = sourcecode.swift; path = testgitUITests.swift; sourceTree = "<group>"; };
		AE79B2922334C9FF006EAB90 /* Info.plist */ = {isa = PBXFileReference; lastKnownFileType = text.plist.xml; path = Info.plist; sourceTree = "<group>"; };
/* End PBXFileReference section */

/* Begin PBXFrameworksBuildPhase section */
		AE79B26A2334C9FE006EAB90 /* Frameworks */ = {
			isa = PBXFrameworksBuildPhase;
			buildActionMask = 2147483647;
			files = (
			);
			runOnlyForDeploymentPostprocessing = 0;
		};
		AE79B27E2334C9FF006EAB90 /* Frameworks */ = {
			isa = PBXFrameworksBuildPhase;
			buildActionMask = 2147483647;
			files = (
			);
			runOnlyForDeploymentPostprocessing = 0;
		};
		AE79B2892334C9FF006EAB90 /* Frameworks */ = {
			isa = PBXFrameworksBuildPhase;
			buildActionMask = 2147483647;
			files = (
			);
			runOnlyForDeploymentPostprocessing = 0;
		};
/* End PBXFrameworksBuildPhase section */

/* Begin PBXGroup section */
		AE79B2642334C9FE006EAB90 = {
			isa = PBXGroup;
			children = (
				AE79B26F2334C9FE006EAB90 /* testgit */,
				AE79B2842334C9FF006EAB90 /* testgitTests */,
				AE79B28F2334C9FF006EAB90 /* testgitUITests */,
				AE79B26E2334C9FE006EAB90 /* Products */,
			);
			sourceTree = "<group>";
		};
		AE79B26E2334C9FE006EAB90 /* Products */ = {
			isa = PBXGroup;
			children = (
				AE79B26D2334C9FE006EAB90 /* testgit.app */,
				AE79B2812334C9FF006EAB90 /* testgitTests.xctest */,
				AE79B28C2334C9FF006EAB90 /* testgitUITests.xctest */,
			);
			name = Products;
			sourceTree = "<group>";
		};
		AE79B26F2334C9FE006EAB90 /* testgit */ = {
			isa = PBXGroup;
			children = (
				AE79B2702334C9FE006EAB90 /* AppDelegate.swift */,
				AE79B2722334C9FE006EAB90 /* ViewController.swift */,
				AE79B2742334C9FE006EAB90 /* Main.storyboard */,
				AE79B2772334C9FF006EAB90 /* Assets.xcassets */,
				AE79B2792334C9FF006EAB90 /* LaunchScreen.storyboard */,
				AE79B27C2334C9FF006EAB90 /* Info.plist */,
			);
			path = testgit;
			sourceTree = "<group>";
		};
		AE79B2842334C9FF006EAB90 /* testgitTests */ = {
			isa = PBXGroup;
			children = (
				AE79B2852334C9FF006EAB90 /* testgitTests.swift */,
				AE79B2872334C9FF006EAB90 /* Info.plist */,
			);
			path = testgitTests;
			sourceTree = "<group>";
		};
		AE79B28F2334C9FF006EAB90 /* testgitUITests */ = {
			isa = PBXGroup;
			children = (
				AE79B2902334C9FF006EAB90 /* testgitUITests.swift */,
				AE79B2922334C9FF006EAB90 /* Info.plist */,
			);
			path = testgitUITests;
			sourceTree = "<group>";
		};
/* End PBXGroup section */

/* Begin PBXNativeTarget section */
		AE79B26C2334C9FE006EAB90 /* testgit */ = {
			isa = PBXNativeTarget;
			buildConfigurationList = AE79B2952334C9FF006EAB90 /* Build configuration list for PBXNativeTarget "testgit" */;
			buildPhases = (
				AE79B2692334C9FE006EAB90 /* Sources */,
				AE79B26A2334C9FE006EAB90 /* Frameworks */,
				AE79B26B2334C9FE006EAB90 /* Resources */,
			);
			buildRules = (
			);
			dependencies = (
			);
			name = testgit;
			productName = testgit;
			productReference = AE79B26D2334C9FE006EAB90 /* testgit.app */;
			productType = "com.apple.product-type.application";
		};
		AE79B2802334C9FF006EAB90 /* testgitTests */ = {
			isa = PBXNativeTarget;
			buildConfigurationList = AE79B2982334C9FF006EAB90 /* Build configuration list for PBXNativeTarget "testgitTests" */;
			buildPhases = (
				AE79B27D2334C9FF006EAB90 /* Sources */,
				AE79B27E2334C9FF006EAB90 /* Frameworks */,
				AE79B27F2334C9FF006EAB90 /* Resources */,
			);
			buildRules = (
			);
			dependencies = (
				AE79B2832334C9FF006EAB90 /* PBXTargetDependency */,
			);
			name = testgitTests;
			productName = testgitTests;
			productReference = AE79B2812334C9FF006EAB90 /* testgitTests.xctest */;
			productType = "com.apple.product-type.bundle.unit-test";
		};
		AE79B28B2334C9FF006EAB90 /* testgitUITests */ = {
			isa = PBXNativeTarget;
			buildConfigurationList = AE79B29B2334C9FF006EAB90 /* Build configuration list for PBXNativeTarget "testgitUITests" */;
			buildPhases = (
				AE79B2882334C9FF006EAB90 /* Sources */,
				AE79B2892334C9FF006EAB90 /* Frameworks */,
				AE79B28A2334C9FF006EAB90 /* Resources */,
			);
			buildRules = (
			);
			dependencies = (
				AE79B28E2334C9FF006EAB90 /* PBXTargetDependency */,
			);
			name = testgitUITests;
			productName = testgitUITests;
			productReference = AE79B28C2334C9FF006EAB90 /* testgitUITests.xctest */;
			productType = "com.apple.product-type.bundle.ui-testing";
		};
/* End PBXNativeTarget section */

/* Begin PBXProject section */
		AE79B2652334C9FE006EAB90 /* Project object */ = {
			isa = PBXProject;
			attributes = {
				LastSwiftUpdateCheck = 1030;
				LastUpgradeCheck = 1030;
				ORGANIZATIONNAME = Jiratip;
				TargetAttributes = {
					AE79B26C2334C9FE006EAB90 = {
						CreatedOnToolsVersion = 10.3;
					};
					AE79B2802334C9FF006EAB90 = {
						CreatedOnToolsVersion = 10.3;
						TestTargetID = AE79B26C2334C9FE006EAB90;
					};
					AE79B28B2334C9FF006EAB90 = {
						CreatedOnToolsVersion = 10.3;
						TestTargetID = AE79B26C2334C9FE006EAB90;
					};
				};
			};
			buildConfigurationList = AE79B2682334C9FE006EAB90 /* Build configuration list for PBXProject "testgit" */;
			compatibilityVersion = "Xcode 9.3";
			developmentRegion = en;
			hasScannedForEncodings = 0;
			knownRegions = (
				en,
				Base,
			);
			mainGroup = AE79B2642334C9FE006EAB90;
			productRefGroup = AE79B26E2334C9FE006EAB90 /* Products */;
			projectDirPath = "";
			projectRoot = "";
			targets = (
				AE79B26C2334C9FE006EAB90 /* testgit */,
				AE79B2802334C9FF006EAB90 /* testgitTests */,
				AE79B28B2334C9FF006EAB90 /* testgitUITests */,
			);
		};
/* End PBXProject section */

/* Begin PBXResourcesBuildPhase section */
		AE79B26B2334C9FE006EAB90 /* Resources */ = {
			isa = PBXResourcesBuildPhase;
			buildActionMask = 2147483647;
			files = (
				AE79B27B2334C9FF006EAB90 /* LaunchScreen.storyboard in Resources */,
				AE79B2782334C9FF006EAB90 /* Assets.xcassets in Resources */,
				AE79B2762334C9FE006EAB90 /* Main.storyboard in Resources */,
			);
			runOnlyForDeploymentPostprocessing = 0;
		};
		AE79B27F2334C9FF006EAB90 /* Resources */ = {
			isa = PBXResourcesBuildPhase;
			buildActionMask = 2147483647;
			files = (
			);
			runOnlyForDeploymentPostprocessing = 0;
		};
		AE79B28A2334C9FF006EAB90 /* Resources */ = {
			isa = PBXResourcesBuildPhase;
			buildActionMask = 2147483647;
			files = (
			);
			runOnlyForDeploymentPostprocessing = 0;
		};
/* End PBXResourcesBuildPhase section */

/* Begin PBXSourcesBuildPhase section */
		AE79B2692334C9FE006EAB90 /* Sources */ = {
			isa = PBXSourcesBuildPhase;
			buildActionMask = 2147483647;
			files = (
				AE79B2732334C9FE006EAB90 /* ViewController.swift in Sources */,
				AE79B2712334C9FE006EAB90 /* AppDelegate.swift in Sources */,
			);
			runOnlyForDeploymentPostprocessing = 0;
		};
		AE79B27D2334C9FF006EAB90 /* Sources */ = {
			isa = PBXSourcesBuildPhase;
			buildActionMask = 2147483647;
			files = (
				AE79B2862334C9FF006EAB90 /* testgitTests.swift in Sources */,
			);
			runOnlyForDeploymentPostprocessing = 0;
		};
		AE79B2882334C9FF006EAB90 /* Sources */ = {
			isa = PBXSourcesBuildPhase;
			buildActionMask = 2147483647;
			files = (
				AE79B2912334C9FF006EAB90 /* testgitUITests.swift in Sources */,
			);
			runOnlyForDeploymentPostprocessing = 0;
		};
/* End PBXSourcesBuildPhase section */

/* Begin PBXTargetDependency section */
		AE79B2832334C9FF006EAB90 /* PBXTargetDependency */ = {
			isa = PBXTargetDependency;
			target = AE79B26C2334C9FE006EAB90 /* testgit */;
			targetProxy = AE79B2822334C9FF006EAB90 /* PBXContainerItemProxy */;
		};
		AE79B28E2334C9FF006EAB90 /* PBXTargetDependency */ = {
			isa = PBXTargetDependency;
			target = AE79B26C2334C9FE006EAB90 /* testgit */;
			targetProxy = AE79B28D2334C9FF006EAB90 /* PBXContainerItemProxy */;
		};
/* End PBXTargetDependency section */

/* Begin PBXVariantGroup section */
		AE79B2742334C9FE006EAB90 /* Main.storyboard */ = {
			isa = PBXVariantGroup;
			children = (
				AE79B2752334C9FE006EAB90 /* Base */,
			);
			name = Main.storyboard;
			sourceTree = "<group>";
		};
		AE79B2792334C9FF006EAB90 /* LaunchScreen.storyboard */ = {
			isa = PBXVariantGroup;
			children = (
				AE79B27A2334C9FF006EAB90 /* Base */,
			);
			name = LaunchScreen.storyboard;
			sourceTree = "<group>";
		};
/* End PBXVariantGroup section */

/* Begin XCBuildConfiguration section */
		AE79B2932334C9FF006EAB90 /* Debug */ = {
			isa = XCBuildConfiguration;
			buildSettings = {
				ALWAYS_SEARCH_USER_PATHS = NO;
				CLANG_ANALYZER_NONNULL = YES;
				CLANG_ANALYZER_NUMBER_OBJECT_CONVERSION = YES_AGGRESSIVE;
				CLANG_CXX_LANGUAGE_STANDARD = "gnu++14";
				CLANG_CXX_LIBRARY = "libc++";
				CLANG_ENABLE_MODULES = YES;
				CLANG_ENABLE_OBJC_ARC = YES;
				CLANG_ENABLE_OBJC_WEAK = YES;
				CLANG_WARN_BLOCK_CAPTURE_AUTORELEASING = YES;
				CLANG_WARN_BOOL_CONVERSION = YES;
				CLANG_WARN_COMMA = YES;
				CLANG_WARN_CONSTANT_CONVERSION = YES;
				CLANG_WARN_DEPRECATED_OBJC_IMPLEMENTATIONS = YES;
				CLANG_WARN_DIRECT_OBJC_ISA_USAGE = YES_ERROR;
				CLANG_WARN_DOCUMENTATION_COMMENTS = YES;
				CLANG_WARN_EMPTY_BODY = YES;
				CLANG_WARN_ENUM_CONVERSION = YES;
				CLANG_WARN_INFINITE_RECURSION = YES;
				CLANG_WARN_INT_CONVERSION = YES;
				CLANG_WARN_NON_LITERAL_NULL_CONVERSION = YES;
				CLANG_WARN_OBJC_IMPLICIT_RETAIN_SELF = YES;
				CLANG_WARN_OBJC_LITERAL_CONVERSION = YES;
				CLANG_WARN_OBJC_ROOT_CLASS = YES_ERROR;
				CLANG_WARN_RANGE_LOOP_ANALYSIS = YES;
				CLANG_WARN_STRICT_PROTOTYPES = YES;
				CLANG_WARN_SUSPICIOUS_MOVE = YES;
				CLANG_WARN_UNGUARDED_AVAILABILITY = YES_AGGRESSIVE;
				CLANG_WARN_UNREACHABLE_CODE = YES;
				CLANG_WARN__DUPLICATE_METHOD_MATCH = YES;
				CODE_SIGN_IDENTITY = "iPhone Developer";
				COPY_PHASE_STRIP = NO;
				DEBUG_INFORMATION_FORMAT = dwarf;
				ENABLE_STRICT_OBJC_MSGSEND = YES;
				ENABLE_TESTABILITY = YES;
				GCC_C_LANGUAGE_STANDARD = gnu11;
				GCC_DYNAMIC_NO_PIC = NO;
				GCC_NO_COMMON_BLOCKS = YES;
				GCC_OPTIMIZATION_LEVEL = 0;
				GCC_PREPROCESSOR_DEFINITIONS = (
					"DEBUG=1",
					"$(inherited)",
				);
				GCC_WARN_64_TO_32_BIT_CONVERSION = YES;
				GCC_WARN_ABOUT_RETURN_TYPE = YES_ERROR;
				GCC_WARN_UNDECLARED_SELECTOR = YES;
				GCC_WARN_UNINITIALIZED_AUTOS = YES_AGGRESSIVE;
				GCC_WARN_UNUSED_FUNCTION = YES;
				GCC_WARN_UNUSED_VARIABLE = YES;
				IPHONEOS_DEPLOYMENT_TARGET = 12.4;
				MTL_ENABLE_DEBUG_INFO = INCLUDE_SOURCE;
				MTL_FAST_MATH = YES;
				ONLY_ACTIVE_ARCH = YES;
				SDKROOT = iphoneos;
				SWIFT_ACTIVE_COMPILATION_CONDITIONS = DEBUG;
				SWIFT_OPTIMIZATION_LEVEL = "-Onone";
			};
			name = Debug;
		};
		AE79B2942334C9FF006EAB90 /* Release */ = {
			isa = XCBuildConfiguration;
			buildSettings = {
				ALWAYS_SEARCH_USER_PATHS = NO;
				CLANG_ANALYZER_NONNULL = YES;
				CLANG_ANALYZER_NUMBER_OBJECT_CONVERSION = YES_AGGRESSIVE;
				CLANG_CXX_LANGUAGE_STANDARD = "gnu++14";
				CLANG_CXX_LIBRARY = "libc++";
				CLANG_ENABLE_MODULES = YES;
				CLANG_ENABLE_OBJC_ARC = YES;
				CLANG_ENABLE_OBJC_WEAK = YES;
				CLANG_WARN_BLOCK_CAPTURE_AUTORELEASING = YES;
				CLANG_WARN_BOOL_CONVERSION = YES;
				CLANG_WARN_COMMA = YES;
				CLANG_WARN_CONSTANT_CONVERSION = YES;
				CLANG_WARN_DEPRECATED_OBJC_IMPLEMENTATIONS = YES;
				CLANG_WARN_DIRECT_OBJC_ISA_USAGE = YES_ERROR;
				CLANG_WARN_DOCUMENTATION_COMMENTS = YES;
				CLANG_WARN_EMPTY_BODY = YES;
				CLANG_WARN_ENUM_CONVERSION = YES;
				CLANG_WARN_INFINITE_RECURSION = YES;
				CLANG_WARN_INT_CONVERSION = YES;
				CLANG_WARN_NON_LITERAL_NULL_CONVERSION = YES;
				CLANG_WARN_OBJC_IMPLICIT_RETAIN_SELF = YES;
				CLANG_WARN_OBJC_LITERAL_CONVERSION = YES;
				CLANG_WARN_OBJC_ROOT_CLASS = YES_ERROR;
				CLANG_WARN_RANGE_LOOP_ANALYSIS = YES;
				CLANG_WARN_STRICT_PROTOTYPES = YES;
				CLANG_WARN_SUSPICIOUS_MOVE = YES;
				CLANG_WARN_UNGUARDED_AVAILABILITY = YES_AGGRESSIVE;
				CLANG_WARN_UNREACHABLE_CODE = YES;
				CLANG_WARN__DUPLICATE_METHOD_MATCH = YES;
				CODE_SIGN_IDENTITY = "iPhone Developer";
				COPY_PHASE_STRIP = NO;
				DEBUG_INFORMATION_FORMAT = "dwarf-with-dsym";
				ENABLE_NS_ASSERTIONS = NO;
				ENABLE_STRICT_OBJC_MSGSEND = YES;
				GCC_C_LANGUAGE_STANDARD = gnu11;
				GCC_NO_COMMON_BLOCKS = YES;
				GCC_WARN_64_TO_32_BIT_CONVERSION = YES;
				GCC_WARN_ABOUT_RETURN_TYPE = YES_ERROR;
				GCC_WARN_UNDECLARED_SELECTOR = YES;
				GCC_WARN_UNINITIALIZED_AUTOS = YES_AGGRESSIVE;
				GCC_WARN_UNUSED_FUNCTION = YES;
				GCC_WARN_UNUSED_VARIABLE = YES;
				IPHONEOS_DEPLOYMENT_TARGET = 12.4;
				MTL_ENABLE_DEBUG_INFO = NO;
				MTL_FAST_MATH = YES;
				SDKROOT = iphoneos;
				SWIFT_COMPILATION_MODE = wholemodule;
				SWIFT_OPTIMIZATION_LEVEL = "-O";
				VALIDATE_PRODUCT = YES;
			};
			name = Release;
		};
		AE79B2962334C9FF006EAB90 /* Debug */ = {
			isa = XCBuildConfiguration;
			buildSettings = {
				ASSETCATALOG_COMPILER_APPICON_NAME = AppIcon;
				CODE_SIGN_STYLE = Automatic;
				INFOPLIST_FILE = testgit/Info.plist;
				LD_RUNPATH_SEARCH_PATHS = (
					"$(inherited)",
					"@executable_path/Frameworks",
				);
				PRODUCT_BUNDLE_IDENTIFIER = com.JJJiratip.testgit;
				PRODUCT_NAME = "$(TARGET_NAME)";
				SWIFT_VERSION = 5.0;
				TARGETED_DEVICE_FAMILY = "1,2";
			};
			name = Debug;
		};
		AE79B2972334C9FF006EAB90 /* Release */ = {
			isa = XCBuildConfiguration;
			buildSettings = {
				ASSETCATALOG_COMPILER_APPICON_NAME = AppIcon;
				CODE_SIGN_STYLE = Automatic;
				INFOPLIST_FILE = testgit/Info.plist;
				LD_RUNPATH_SEARCH_PATHS = (
					"$(inherited)",
					"@executable_path/Frameworks",
				);
				PRODUCT_BUNDLE_IDENTIFIER = com.JJJiratip.testgit;
				PRODUCT_NAME = "$(TARGET_NAME)";
				SWIFT_VERSION = 5.0;
				TARGETED_DEVICE_FAMILY = "1,2";
			};
			name = Release;
		};
		AE79B2992334C9FF006EAB90 /* Debug */ = {
			isa = XCBuildConfiguration;
			buildSettings = {
				ALWAYS_EMBED_SWIFT_STANDARD_LIBRARIES = YES;
				BUNDLE_LOADER = "$(TEST_HOST)";
				CODE_SIGN_STYLE = Automatic;
				INFOPLIST_FILE = testgitTests/Info.plist;
				LD_RUNPATH_SEARCH_PATHS = (
					"$(inherited)",
					"@executable_path/Frameworks",
					"@loader_path/Frameworks",
				);
				PRODUCT_BUNDLE_IDENTIFIER = com.JJJiratip.testgitTests;
				PRODUCT_NAME = "$(TARGET_NAME)";
				SWIFT_VERSION = 5.0;
				TARGETED_DEVICE_FAMILY = "1,2";
				TEST_HOST = "$(BUILT_PRODUCTS_DIR)/testgit.app/testgit";
			};
			name = Debug;
		};
		AE79B29A2334C9FF006EAB90 /* Release */ = {
			isa = XCBuildConfiguration;
			buildSettings = {
				ALWAYS_EMBED_SWIFT_STANDARD_LIBRARIES = YES;
				BUNDLE_LOADER = "$(TEST_HOST)";
				CODE_SIGN_STYLE = Automatic;
				INFOPLIST_FILE = testgitTests/Info.plist;
				LD_RUNPATH_SEARCH_PATHS = (
					"$(inherited)",
					"@executable_path/Frameworks",
					"@loader_path/Frameworks",
				);
				PRODUCT_BUNDLE_IDENTIFIER = com.JJJiratip.testgitTests;
				PRODUCT_NAME = "$(TARGET_NAME)";
				SWIFT_VERSION = 5.0;
				TARGETED_DEVICE_FAMILY = "1,2";
				TEST_HOST = "$(BUILT_PRODUCTS_DIR)/testgit.app/testgit";
			};
			name = Release;
		};
		AE79B29C2334C9FF006EAB90 /* Debug */ = {
			isa = XCBuildConfiguration;
			buildSettings = {
				ALWAYS_EMBED_SWIFT_STANDARD_LIBRARIES = YES;
				CODE_SIGN_STYLE = Automatic;
				INFOPLIST_FILE = testgitUITests/Info.plist;
				LD_RUNPATH_SEARCH_PATHS = (
					"$(inherited)",
					"@executable_path/Frameworks",
					"@loader_path/Frameworks",
				);
				PRODUCT_BUNDLE_IDENTIFIER = com.JJJiratip.testgitUITests;
				PRODUCT_NAME = "$(TARGET_NAME)";
				SWIFT_VERSION = 5.0;
				TARGETED_DEVICE_FAMILY = "1,2";
				TEST_TARGET_NAME = testgit;
			};
			name = Debug;
		};
		AE79B29D2334C9FF006EAB90 /* Release */ = {
			isa = XCBuildConfiguration;
			buildSettings = {
				ALWAYS_EMBED_SWIFT_STANDARD_LIBRARIES = YES;
				CODE_SIGN_STYLE = Automatic;
				INFOPLIST_FILE = testgitUITests/Info.plist;
				LD_RUNPATH_SEARCH_PATHS = (
					"$(inherited)",
					"@executable_path/Frameworks",
					"@loader_path/Frameworks",
				);
				PRODUCT_BUNDLE_IDENTIFIER = com.JJJiratip.testgitUITests;
				PRODUCT_NAME = "$(TARGET_NAME)";
				SWIFT_VERSION = 5.0;
				TARGETED_DEVICE_FAMILY = "1,2";
				TEST_TARGET_NAME = testgit;
			};
			name = Release;
		};
/* End XCBuildConfiguration section */

/* Begin XCConfigurationList section */
		AE79B2682334C9FE006EAB90 /* Build configuration list for PBXProject "testgit" */ = {
			isa = XCConfigurationList;
			buildConfigurations = (
				AE79B2932334C9FF006EAB90 /* Debug */,
				AE79B2942334C9FF006EAB90 /* Release */,
			);
			defaultConfigurationIsVisible = 0;
			defaultConfigurationName = Release;
		};
		AE79B2952334C9FF006EAB90 /* Build configuration list for PBXNativeTarget "testgit" */ = {
			isa = XCConfigurationList;
			buildConfigurations = (
				AE79B2962334C9FF006EAB90 /* Debug */,
				AE79B2972334C9FF006EAB90 /* Release */,
			);
			defaultConfigurationIsVisible = 0;
			defaultConfigurationName = Release;
		};
		AE79B2982334C9FF006EAB90 /* Build configuration list for PBXNativeTarget "testgitTests" */ = {
			isa = XCConfigurationList;
			buildConfigurations = (
				AE79B2992334C9FF006EAB90 /* Debug */,
				AE79B29A2334C9FF006EAB90 /* Release */,
			);
			defaultConfigurationIsVisible = 0;
			defaultConfigurationName = Release;
		};
		AE79B29B2334C9FF006EAB90 /* Build configuration list for PBXNativeTarget "testgitUITests" */ = {
			isa = XCConfigurationList;
			buildConfigurations = (
				AE79B29C2334C9FF006EAB90 /* Debug */,
				AE79B29D2334C9FF006EAB90 /* Release */,
			);
			defaultConfigurationIsVisible = 0;
			defaultConfigurationName = Release;
		};
/* End XCConfigurationList section */
	};
	rootObject = AE79B2652334C9FE006EAB90 /* Project object */;
}
